
Microsoft Visual Studio Solution File, Format Version 12.00
# Visual Studio 15
VisualStudioVersion = 15.0.27130.2026
MinimumVisualStudioVersion = 10.0.40219.1
Project("{2150E333-8FDC-42A3-9474-1A3956D46DE8}") = "tool", "tool", "{19C8BD92-870A-4659-A2A0-B9BB27FB12C7}"
EndProject
Project("{2150E333-8FDC-42A3-9474-1A3956D46DE8}") = "main", "main", "{2CB9AC35-3D94-43B0-BEFB-48107C42C48E}"
EndProject
Project("{2150E333-8FDC-42A3-9474-1A3956D46DE8}") = "test", "test", "{574AA11B-966D-4385-A110-126769774EAF}"
EndProject
Project("{9A19103F-16F7-4668-BE54-9A1E7A4F7556}") = "SOSOWJB.Framework.Core", "src\main\SOSOWJB.Framework.Core\SOSOWJB.Framework.Core.csproj", "{D6859C0D-3F09-4ED0-852D-062028F8700F}"
EndProject
Project("{9A19103F-16F7-4668-BE54-9A1E7A4F7556}") = "SOSOWJB.Framework.Core.Shared", "src\main\SOSOWJB.Framework.Core.Shared\SOSOWJB.Framework.Core.Shared.csproj", "{2698B445-061C-4807-BCC3-C541CCAE8E13}"
EndProject
Project("{9A19103F-16F7-4668-BE54-9A1E7A4F7556}") = "SOSOWJB.Framework.EntityFrameworkCore", "src\main\SOSOWJB.Framework.EntityFrameworkCore\SOSOWJB.Framework.EntityFrameworkCore.csproj", "{2C30D710-A1FD-4091-9823-AB6C90832D01}"
EndProject
Project("{9A19103F-16F7-4668-BE54-9A1E7A4F7556}") = "SOSOWJB.Framework.Application.Shared", "src\main\SOSOWJB.Framework.Application.Shared\SOSOWJB.Framework.Application.Shared.csproj", "{951E23CD-EE42-4808-951A-67B2AB8FB3F8}"
EndProject
Project("{9A19103F-16F7-4668-BE54-9A1E7A4F7556}") = "SOSOWJB.Framework.Application", "src\main\SOSOWJB.Framework.Application\SOSOWJB.Framework.Application.csproj", "{D8B28F21-8479-4F32-A06A-AB681B87EA60}"
EndProject
Project("{9A19103F-16F7-4668-BE54-9A1E7A4F7556}") = "SOSOWJB.Framework.Web.Core", "src\main\SOSOWJB.Framework.Web.Core\SOSOWJB.Framework.Web.Core.csproj", "{9D6B1F98-72AC-40C7-A1F8-71520E76A0D1}"
EndProject
Project("{9A19103F-16F7-4668-BE54-9A1E7A4F7556}") = "SOSOWJB.Framework.Web.Host", "src\main\SOSOWJB.Framework.Web.Host\SOSOWJB.Framework.Web.Host.csproj", "{A2AF2DA4-4DEF-4403-999C-9E29D54119A9}"
EndProject
Project("{9A19103F-16F7-4668-BE54-9A1E7A4F7556}") = "SOSOWJB.Framework.Migrator", "src\tool\SOSOWJB.Framework.Migrator\SOSOWJB.Framework.Migrator.csproj", "{3A429A14-24F4-4659-B30A-74CF0B6124A3}"
EndProject
Project("{9A19103F-16F7-4668-BE54-9A1E7A4F7556}") = "SOSOWJB.Framework.Tests", "src\test\SOSOWJB.Framework.Tests\SOSOWJB.Framework.Tests.csproj", "{C1A31BF8-01B7-4B4A-A922-150F92584B83}"
EndProject
Global
	GlobalSection(SolutionConfigurationPlatforms) = preSolution
		Debug|Any CPU = Debug|Any CPU
		Release|Any CPU = Release|Any CPU
	EndGlobalSection
	GlobalSection(ProjectConfigurationPlatforms) = postSolution
		{D6859C0D-3F09-4ED0-852D-062028F8700F}.Debug|Any CPU.ActiveCfg = Debug|Any CPU
		{D6859C0D-3F09-4ED0-852D-062028F8700F}.Debug|Any CPU.Build.0 = Debug|Any CPU
		{D6859C0D-3F09-4ED0-852D-062028F8700F}.Release|Any CPU.ActiveCfg = Release|Any CPU
		{D6859C0D-3F09-4ED0-852D-062028F8700F}.Release|Any CPU.Build.0 = Release|Any CPU
		{2698B445-061C-4807-BCC3-C541CCAE8E13}.Debug|Any CPU.ActiveCfg = Debug|Any CPU
		{2698B445-061C-4807-BCC3-C541CCAE8E13}.Debug|Any CPU.Build.0 = Debug|Any CPU
		{2698B445-061C-4807-BCC3-C541CCAE8E13}.Release|Any CPU.ActiveCfg = Release|Any CPU
		{2698B445-061C-4807-BCC3-C541CCAE8E13}.Release|Any CPU.Build.0 = Release|Any CPU
		{2C30D710-A1FD-4091-9823-AB6C90832D01}.Debug|Any CPU.ActiveCfg = Debug|Any CPU
		{2C30D710-A1FD-4091-9823-AB6C90832D01}.Debug|Any CPU.Build.0 = Debug|Any CPU
		{2C30D710-A1FD-4091-9823-AB6C90832D01}.Release|Any CPU.ActiveCfg = Release|Any CPU
		{2C30D710-A1FD-4091-9823-AB6C90832D01}.Release|Any CPU.Build.0 = Release|Any CPU
		{951E23CD-EE42-4808-951A-67B2AB8FB3F8}.Debug|Any CPU.ActiveCfg = Debug|Any CPU
		{951E23CD-EE42-4808-951A-67B2AB8FB3F8}.Debug|Any CPU.Build.0 = Debug|Any CPU
		{951E23CD-EE42-4808-951A-67B2AB8FB3F8}.Release|Any CPU.ActiveCfg = Release|Any CPU
		{951E23CD-EE42-4808-951A-67B2AB8FB3F8}.Release|Any CPU.Build.0 = Release|Any CPU
		{D8B28F21-8479-4F32-A06A-AB681B87EA60}.Debug|Any CPU.ActiveCfg = Debug|Any CPU
		{D8B28F21-8479-4F32-A06A-AB681B87EA60}.Debug|Any CPU.Build.0 = Debug|Any CPU
		{D8B28F21-8479-4F32-A06A-AB681B87EA60}.Release|Any CPU.ActiveCfg = Release|Any CPU
		{D8B28F21-8479-4F32-A06A-AB681B87EA60}.Release|Any CPU.Build.0 = Release|Any CPU
		{9D6B1F98-72AC-40C7-A1F8-71520E76A0D1}.Debug|Any CPU.ActiveCfg = Debug|Any CPU
		{9D6B1F98-72AC-40C7-A1F8-71520E76A0D1}.Debug|Any CPU.Build.0 = Debug|Any CPU
		{9D6B1F98-72AC-40C7-A1F8-71520E76A0D1}.Release|Any CPU.ActiveCfg = Release|Any CPU
		{9D6B1F98-72AC-40C7-A1F8-71520E76A0D1}.Release|Any CPU.Build.0 = Release|Any CPU
		{A2AF2DA4-4DEF-4403-999C-9E29D54119A9}.Debug|Any CPU.ActiveCfg = Debug|Any CPU
		{A2AF2DA4-4DEF-4403-999C-9E29D54119A9}.Debug|Any CPU.Build.0 = Debug|Any CPU
		{A2AF2DA4-4DEF-4403-999C-9E29D54119A9}.Release|Any CPU.ActiveCfg = Release|Any CPU
		{A2AF2DA4-4DEF-4403-999C-9E29D54119A9}.Release|Any CPU.Build.0 = Release|Any CPU
		{3A429A14-24F4-4659-B30A-74CF0B6124A3}.Debug|Any CPU.ActiveCfg = Debug|Any CPU
		{3A429A14-24F4-4659-B30A-74CF0B6124A3}.Debug|Any CPU.Build.0 = Debug|Any CPU
		{3A429A14-24F4-4659-B30A-74CF0B6124A3}.Release|Any CPU.ActiveCfg = Release|Any CPU
		{3A429A14-24F4-4659-B30A-74CF0B6124A3}.Release|Any CPU.Build.0 = Release|Any CPU
		{C1A31BF8-01B7-4B4A-A922-150F92584B83}.Debug|Any CPU.ActiveCfg = Debug|Any CPU
		{C1A31BF8-01B7-4B4A-A922-150F92584B83}.Debug|Any CPU.Build.0 = Debug|Any CPU
		{C1A31BF8-01B7-4B4A-A922-150F92584B83}.Release|Any CPU.ActiveCfg = Release|Any CPU
		{C1A31BF8-01B7-4B4A-A922-150F92584B83}.Release|Any CPU.Build.0 = Release|Any CPU
	EndGlobalSection
	GlobalSection(SolutionProperties) = preSolution
		HideSolutionNode = FALSE
	EndGlobalSection
	GlobalSection(NestedProjects) = preSolution
		{D6859C0D-3F09-4ED0-852D-062028F8700F} = {2CB9AC35-3D94-43B0-BEFB-48107C42C48E}
		{2698B445-061C-4807-BCC3-C541CCAE8E13} = {2CB9AC35-3D94-43B0-BEFB-48107C42C48E}
		{2C30D710-A1FD-4091-9823-AB6C90832D01} = {2CB9AC35-3D94-43B0-BEFB-48107C42C48E}
		{951E23CD-EE42-4808-951A-67B2AB8FB3F8} = {2CB9AC35-3D94-43B0-BEFB-48107C42C48E}
		{D8B28F21-8479-4F32-A06A-AB681B87EA60} = {2CB9AC35-3D94-43B0-BEFB-48107C42C48E}
		{9D6B1F98-72AC-40C7-A1F8-71520E76A0D1} = {2CB9AC35-3D94-43B0-BEFB-48107C42C48E}
		{A2AF2DA4-4DEF-4403-999C-9E29D54119A9} = {2CB9AC35-3D94-43B0-BEFB-48107C42C48E}
		{3A429A14-24F4-4659-B30A-74CF0B6124A3} = {19C8BD92-870A-4659-A2A0-B9BB27FB12C7}
		{C1A31BF8-01B7-4B4A-A922-150F92584B83} = {574AA11B-966D-4385-A110-126769774EAF}
	EndGlobalSection
	GlobalSection(ExtensibilityGlobals) = postSolution
		SolutionGuid = {FC3E5497-4EAC-4897-B409-B764B3791A55}
	EndGlobalSection
EndGlobal
